
Microsoft Visual Studio Solution File, Format Version 12.00
# Visual Studio Version 17
VisualStudioVersion = 17.4.33122.133
MinimumVisualStudioVersion = 10.0.40219.1
Project("{FAE04EC0-301F-11D3-BF4B-00C04F79EFBC}") = "StockAccountManagementFinal", "StockAccountManagementFinal\StockAccountManagementFinal.csproj", "{6A89FD40-387B-4B1F-B159-8B32CA69D68F}"
EndProject
Global
	GlobalSection(SolutionConfigurationPlatforms) = preSolution
		Debug|Any CPU = Debug|Any CPU
		Release|Any CPU = Release|Any CPU
	EndGlobalSection
	GlobalSection(ProjectConfigurationPlatforms) = postSolution
		{6A89FD40-387B-4B1F-B159-8B32CA69D68F}.Debug|Any CPU.ActiveCfg = Debug|Any CPU
		{6A89FD40-387B-4B1F-B159-8B32CA69D68F}.Debug|Any CPU.Build.0 = Debug|Any CPU
		{6A89FD40-387B-4B1F-B159-8B32CA69D68F}.Release|Any CPU.ActiveCfg = Release|Any CPU
		{6A89FD40-387B-4B1F-B159-8B32CA69D68F}.Release|Any CPU.Build.0 = Release|Any CPU
	EndGlobalSection
	GlobalSection(SolutionProperties) = preSolution
		HideSolutionNode = FALSE
	EndGlobalSection
	GlobalSection(ExtensibilityGlobals) = postSolution
		SolutionGuid = {0EC450F1-1921-4610-838C-2A690CA9201D}
	EndGlobalSection
EndGlobal
